
Microsoft Visual Studio Solution File, Format Version 12.00
# Visual Studio Version 16
VisualStudioVersion = 16.0.31613.86
MinimumVisualStudioVersion = 10.0.40219.1
Project("{9A19103F-16F7-4668-BE54-9A1E7A4F7556}") = "DisneyAPI", "DisneyAPI.csproj", "{2E5185C7-C56C-4FE4-BD7B-CA309FA8C308}"
EndProject
Global
	GlobalSection(SolutionConfigurationPlatforms) = preSolution
		Debug|Any CPU = Debug|Any CPU
		Release|Any CPU = Release|Any CPU
	EndGlobalSection
	GlobalSection(ProjectConfigurationPlatforms) = postSolution
		{2E5185C7-C56C-4FE4-BD7B-CA309FA8C308}.Debug|Any CPU.ActiveCfg = Debug|Any CPU
		{2E5185C7-C56C-4FE4-BD7B-CA309FA8C308}.Debug|Any CPU.Build.0 = Debug|Any CPU
		{2E5185C7-C56C-4FE4-BD7B-CA309FA8C308}.Release|Any CPU.ActiveCfg = Release|Any CPU
		{2E5185C7-C56C-4FE4-BD7B-CA309FA8C308}.Release|Any CPU.Build.0 = Release|Any CPU
	EndGlobalSection
	GlobalSection(SolutionProperties) = preSolution
		HideSolutionNode = FALSE
	EndGlobalSection
	GlobalSection(ExtensibilityGlobals) = postSolution
		SolutionGuid = {9D983F7B-DF7B-4666-8F2D-596A99585DE5}
	EndGlobalSection
EndGlobal
